
Microsoft Visual Studio Solution File, Format Version 12.00
# Visual Studio Version 17
VisualStudioVersion = 17.1.32228.430
MinimumVisualStudioVersion = 10.0.40219.1
Project("{2150E333-8FDC-42A3-9474-1A3956D46DE8}") = "Core", "Core", "{1AC0B99C-8670-4D70-B8CB-30C1C5039C2B}"
EndProject
Project("{9A19103F-16F7-4668-BE54-9A1E7A4F7556}") = "HrManagemntSystem.Application", "HrManagemntSystem.Application\HrManagemntSystem.Application.csproj", "{A50806E0-97EC-4B5D-A19C-DDC512F8E8CB}"
EndProject
Project("{9A19103F-16F7-4668-BE54-9A1E7A4F7556}") = "HrManagementSystem.Infrastructure", "HrManagementSystem.Infrastructure\HrManagementSystem.Infrastructure.csproj", "{C17D6FCF-9C3D-42C2-B92C-ADC2016AC85E}"
EndProject
Project("{2150E333-8FDC-42A3-9474-1A3956D46DE8}") = "Infrastructure", "Infrastructure", "{F9363A6F-203D-4B03-BEDE-C10BFD69F389}"
EndProject
Project("{9A19103F-16F7-4668-BE54-9A1E7A4F7556}") = "HrManagementSystem.Persistence", "HrManagementSystem.Persistence\HrManagementSystem.Persistence.csproj", "{37506BDD-A9ED-4C77-9C09-305ADAEB2EA8}"
EndProject
Project("{2150E333-8FDC-42A3-9474-1A3956D46DE8}") = "Presentation", "Presentation", "{578F4B29-FE52-44C6-AED7-9A73F45824B2}"
EndProject
Project("{9A19103F-16F7-4668-BE54-9A1E7A4F7556}") = "HRManagementSystem.WebApi", "HRManagementSystem.WebApi\HRManagementSystem.WebApi.csproj", "{C9482995-3014-4B1F-AE4A-D4B9A0DE9DF4}"
EndProject
Project("{FAE04EC0-301F-11D3-BF4B-00C04F79EFBC}") = "HrManagementSystem.Domain", "HrManagementSystem.Domain\HrManagementSystem.Domain.csproj", "{10DCD0CA-8537-4031-AC08-C705DCF4687C}"
EndProject
Global
	GlobalSection(SolutionConfigurationPlatforms) = preSolution
		Debug|Any CPU = Debug|Any CPU
		Release|Any CPU = Release|Any CPU
	EndGlobalSection
	GlobalSection(ProjectConfigurationPlatforms) = postSolution
		{A50806E0-97EC-4B5D-A19C-DDC512F8E8CB}.Debug|Any CPU.ActiveCfg = Debug|Any CPU
		{A50806E0-97EC-4B5D-A19C-DDC512F8E8CB}.Debug|Any CPU.Build.0 = Debug|Any CPU
		{A50806E0-97EC-4B5D-A19C-DDC512F8E8CB}.Release|Any CPU.ActiveCfg = Release|Any CPU
		{A50806E0-97EC-4B5D-A19C-DDC512F8E8CB}.Release|Any CPU.Build.0 = Release|Any CPU
		{C17D6FCF-9C3D-42C2-B92C-ADC2016AC85E}.Debug|Any CPU.ActiveCfg = Debug|Any CPU
		{C17D6FCF-9C3D-42C2-B92C-ADC2016AC85E}.Debug|Any CPU.Build.0 = Debug|Any CPU
		{C17D6FCF-9C3D-42C2-B92C-ADC2016AC85E}.Release|Any CPU.ActiveCfg = Release|Any CPU
		{C17D6FCF-9C3D-42C2-B92C-ADC2016AC85E}.Release|Any CPU.Build.0 = Release|Any CPU
		{37506BDD-A9ED-4C77-9C09-305ADAEB2EA8}.Debug|Any CPU.ActiveCfg = Debug|Any CPU
		{37506BDD-A9ED-4C77-9C09-305ADAEB2EA8}.Debug|Any CPU.Build.0 = Debug|Any CPU
		{37506BDD-A9ED-4C77-9C09-305ADAEB2EA8}.Release|Any CPU.ActiveCfg = Release|Any CPU
		{37506BDD-A9ED-4C77-9C09-305ADAEB2EA8}.Release|Any CPU.Build.0 = Release|Any CPU
		{C9482995-3014-4B1F-AE4A-D4B9A0DE9DF4}.Debug|Any CPU.ActiveCfg = Debug|Any CPU
		{C9482995-3014-4B1F-AE4A-D4B9A0DE9DF4}.Debug|Any CPU.Build.0 = Debug|Any CPU
		{C9482995-3014-4B1F-AE4A-D4B9A0DE9DF4}.Release|Any CPU.ActiveCfg = Release|Any CPU
		{C9482995-3014-4B1F-AE4A-D4B9A0DE9DF4}.Release|Any CPU.Build.0 = Release|Any CPU
		{10DCD0CA-8537-4031-AC08-C705DCF4687C}.Debug|Any CPU.ActiveCfg = Debug|Any CPU
		{10DCD0CA-8537-4031-AC08-C705DCF4687C}.Debug|Any CPU.Build.0 = Debug|Any CPU
		{10DCD0CA-8537-4031-AC08-C705DCF4687C}.Release|Any CPU.ActiveCfg = Release|Any CPU
		{10DCD0CA-8537-4031-AC08-C705DCF4687C}.Release|Any CPU.Build.0 = Release|Any CPU
	EndGlobalSection
	GlobalSection(SolutionProperties) = preSolution
		HideSolutionNode = FALSE
	EndGlobalSection
	GlobalSection(NestedProjects) = preSolution
		{A50806E0-97EC-4B5D-A19C-DDC512F8E8CB} = {1AC0B99C-8670-4D70-B8CB-30C1C5039C2B}
		{C17D6FCF-9C3D-42C2-B92C-ADC2016AC85E} = {F9363A6F-203D-4B03-BEDE-C10BFD69F389}
		{37506BDD-A9ED-4C77-9C09-305ADAEB2EA8} = {F9363A6F-203D-4B03-BEDE-C10BFD69F389}
		{C9482995-3014-4B1F-AE4A-D4B9A0DE9DF4} = {578F4B29-FE52-44C6-AED7-9A73F45824B2}
		{10DCD0CA-8537-4031-AC08-C705DCF4687C} = {1AC0B99C-8670-4D70-B8CB-30C1C5039C2B}
	EndGlobalSection
	GlobalSection(ExtensibilityGlobals) = postSolution
		SolutionGuid = {C8820747-AA37-49FF-A929-E3AF665EDFA3}
	EndGlobalSection
EndGlobal
